
Microsoft Visual Studio Solution File, Format Version 12.00
# Visual Studio Version 16
VisualStudioVersion = 16.0.30517.126
MinimumVisualStudioVersion = 10.0.40219.1
Project("{FAE04EC0-301F-11D3-BF4B-00C04F79EFBC}") = "PrimeFactors", "PrimeFactors\PrimeFactors.csproj", "{152F299D-47CD-4F7E-9E7A-E2CFA31C792F}"
EndProject
Project("{FAE04EC0-301F-11D3-BF4B-00C04F79EFBC}") = "PrimeFactors.Test", "PrimeFactors.Test\PrimeFactors.Test.csproj", "{D55E2DE3-0B15-468F-8983-501B3EA25928}"
EndProject
Global
	GlobalSection(SolutionConfigurationPlatforms) = preSolution
		Debug|Any CPU = Debug|Any CPU
		Release|Any CPU = Release|Any CPU
	EndGlobalSection
	GlobalSection(ProjectConfigurationPlatforms) = postSolution
		{152F299D-47CD-4F7E-9E7A-E2CFA31C792F}.Debug|Any CPU.ActiveCfg = Debug|Any CPU
		{152F299D-47CD-4F7E-9E7A-E2CFA31C792F}.Debug|Any CPU.Build.0 = Debug|Any CPU
		{152F299D-47CD-4F7E-9E7A-E2CFA31C792F}.Release|Any CPU.ActiveCfg = Release|Any CPU
		{152F299D-47CD-4F7E-9E7A-E2CFA31C792F}.Release|Any CPU.Build.0 = Release|Any CPU
		{D55E2DE3-0B15-468F-8983-501B3EA25928}.Debug|Any CPU.ActiveCfg = Debug|Any CPU
		{D55E2DE3-0B15-468F-8983-501B3EA25928}.Debug|Any CPU.Build.0 = Debug|Any CPU
		{D55E2DE3-0B15-468F-8983-501B3EA25928}.Release|Any CPU.ActiveCfg = Release|Any CPU
		{D55E2DE3-0B15-468F-8983-501B3EA25928}.Release|Any CPU.Build.0 = Release|Any CPU
	EndGlobalSection
	GlobalSection(SolutionProperties) = preSolution
		HideSolutionNode = FALSE
	EndGlobalSection
	GlobalSection(ExtensibilityGlobals) = postSolution
		SolutionGuid = {2DF6F9FB-FC0B-48EF-AED3-2DF208D86FB9}
	EndGlobalSection
EndGlobal
